music_engine:
  package_version: "4.0.0"
  git_commit: "71bbc73337da0d755618bdc796e19ce2e82cc3df"
  songplan_schema: "2.0"

runtime:
  wheel_filename: "music_engine-4.0.0-py3-none-any.whl"
  wheel_sha256: "110E987A1E102C1CF3D29FEC1CCC68583459030F40748E10D66CE1F8E4819FE1"
  install_method: "local-wheel"
